
Microsoft Visual Studio Solution File, Format Version 12.00
# Visual Studio Version 17
VisualStudioVersion = 17.4.33103.184
MinimumVisualStudioVersion = 10.0.40219.1
Project("{FAE04EC0-301F-11D3-BF4B-00C04F79EFBC}") = "SG", "SG.csproj", "{1253EAF4-833D-45AF-80B8-663F6FBD675C}"
EndProject
Global
	GlobalSection(SolutionConfigurationPlatforms) = preSolution
		Debug|Any CPU = Debug|Any CPU
		Release|Any CPU = Release|Any CPU
	EndGlobalSection
	GlobalSection(ProjectConfigurationPlatforms) = postSolution
		{1253EAF4-833D-45AF-80B8-663F6FBD675C}.Debug|Any CPU.ActiveCfg = Debug|Any CPU
		{1253EAF4-833D-45AF-80B8-663F6FBD675C}.Debug|Any CPU.Build.0 = Debug|Any CPU
		{1253EAF4-833D-45AF-80B8-663F6FBD675C}.Release|Any CPU.ActiveCfg = Release|Any CPU
		{1253EAF4-833D-45AF-80B8-663F6FBD675C}.Release|Any CPU.Build.0 = Release|Any CPU
	EndGlobalSection
	GlobalSection(SolutionProperties) = preSolution
		HideSolutionNode = FALSE
	EndGlobalSection
	GlobalSection(ExtensibilityGlobals) = postSolution
		SolutionGuid = {81517776-C84C-43FA-B852-7E041CCCAB7A}
	EndGlobalSection
EndGlobal
